
Microsoft Visual Studio Solution File, Format Version 11.00
# Visual Studio 2010
Project("{F2A71F9B-5D33-465A-A702-920D77279786}") = "RepoAnalysis", "RepoAnalysis\RepoAnalysis.fsproj", "{AE01C2FF-11EA-4085-A0EC-45E750CA0F6F}"
EndProject
Project("{F2A71F9B-5D33-465A-A702-920D77279786}") = "RepoAnalysisTests", "RepoAnalysisTests\RepoAnalysisTests.fsproj", "{C065FFCA-1924-4B10-B6A5-1D55DABF6F2E}"
EndProject
Global
	GlobalSection(SolutionConfigurationPlatforms) = preSolution
		Debug|Any CPU = Debug|Any CPU
		Release|Any CPU = Release|Any CPU
	EndGlobalSection
	GlobalSection(ProjectConfigurationPlatforms) = postSolution
		{AE01C2FF-11EA-4085-A0EC-45E750CA0F6F}.Debug|Any CPU.ActiveCfg = Debug|Any CPU
		{AE01C2FF-11EA-4085-A0EC-45E750CA0F6F}.Debug|Any CPU.Build.0 = Debug|Any CPU
		{AE01C2FF-11EA-4085-A0EC-45E750CA0F6F}.Release|Any CPU.ActiveCfg = Release|Any CPU
		{AE01C2FF-11EA-4085-A0EC-45E750CA0F6F}.Release|Any CPU.Build.0 = Release|Any CPU
		{C065FFCA-1924-4B10-B6A5-1D55DABF6F2E}.Debug|Any CPU.ActiveCfg = Debug|Any CPU
		{C065FFCA-1924-4B10-B6A5-1D55DABF6F2E}.Debug|Any CPU.Build.0 = Debug|Any CPU
		{C065FFCA-1924-4B10-B6A5-1D55DABF6F2E}.Release|Any CPU.ActiveCfg = Release|Any CPU
		{C065FFCA-1924-4B10-B6A5-1D55DABF6F2E}.Release|Any CPU.Build.0 = Release|Any CPU
	EndGlobalSection
	GlobalSection(SolutionProperties) = preSolution
		HideSolutionNode = FALSE
	EndGlobalSection
EndGlobal
